// !$*UTF8*$!
{
	archiveVersion = 1;
	classes = {
	};
	objectVersion = 46;
	objects = {

/* Begin PBXBuildFile section */
		D06F8CBA1D127712001FB2A0 /* AppDelegate.swift in Sources */ = {isa = PBXBuildFile; fileRef = D06F8CB91D127712001FB2A0 /* AppDelegate.swift */; };
		D06F8CBC1D127712001FB2A0 /* ViewController.swift in Sources */ = {isa = PBXBuildFile; fileRef = D06F8CBB1D127712001FB2A0 /* ViewController.swift */; };
		D06F8CBF1D127712001FB2A0 /* Main.storyboard in Resources */ = {isa = PBXBuildFile; fileRef = D06F8CBD1D127712001FB2A0 /* Main.storyboard */; };
		D06F8CC11D127712001FB2A0 /* Assets.xcassets in Resources */ = {isa = PBXBuildFile; fileRef = D06F8CC01D127712001FB2A0 /* Assets.xcassets */; };
		D06F8CC41D127712001FB2A0 /* LaunchScreen.storyboard in Resources */ = {isa = PBXBuildFile; fileRef = D06F8CC21D127712001FB2A0 /* LaunchScreen.storyboard */; };
/* End PBXBuildFile section */

/* Begin PBXFileReference section */
		D06F8CB61D127712001FB2A0 /* headerHTTP.app */ = {isa = PBXFileReference; explicitFileType = wrapper.application; includeInIndex = 0; path = headerHTTP.app; sourceTree = BUILT_PRODUCTS_DIR; };
		D06F8CB91D127712001FB2A0 /* AppDelegate.swift */ = {isa = PBXFileReference; lastKnownFileType = sourcecode.swift; path = AppDelegate.swift; sourceTree = "<group>"; };
		D06F8CBB1D127712001FB2A0 /* ViewController.swift */ = {isa = PBXFileReference; lastKnownFileType = sourcecode.swift; path = ViewController.swift; sourceTree = "<group>"; };
		D06F8CBE1D127712001FB2A0 /* Base */ = {isa = PBXFileReference; lastKnownFileType = file.storyboard; name = Base; path = Base.lproj/Main.storyboard; sourceTree = "<group>"; };
		D06F8CC01D127712001FB2A0 /* Assets.xcassets */ = {isa = PBXFileReference; lastKnownFileType = folder.assetcatalog; path = Assets.xcassets; sourceTree = "<group>"; };
		D06F8CC31D127712001FB2A0 /* Base */ = {isa = PBXFileReference; lastKnownFileType = file.storyboard; name = Base; path = Base.lproj/LaunchScreen.storyboard; sourceTree = "<group>"; };
		D06F8CC51D127712001FB2A0 /* Info.plist */ = {isa = PBXFileReference; lastKnownFileType = text.plist.xml; path = Info.plist; sourceTree = "<group>"; };
/* End PBXFileReference section */

/* Begin PBXFrameworksBuildPhase section */
		D06F8CB31D127712001FB2A0 /* Frameworks */ = {
			isa = PBXFrameworksBuildPhase;
			buildActionMask = 2147483647;
			files = (
			);
			runOnlyForDeploymentPostprocessing = 0;
		};
/* End PBXFrameworksBuildPhase section */

/* Begin PBXGroup section */
		D06F8CAD1D127712001FB2A0 = {
			isa = PBXGroup;
			children = (
				D06F8CB81D127712001FB2A0 /* headerHTTP */,
				D06F8CB71D127712001FB2A0 /* Products */,
			);
			sourceTree = "<group>";
		};
		D06F8CB71D127712001FB2A0 /* Products */ = {
			isa = PBXGroup;
			children = (
				D06F8CB61D127712001FB2A0 /* headerHTTP.app */,
			);
			name = Products;
			sourceTree = "<group>";
		};
		D06F8CB81D127712001FB2A0 /* headerHTTP */ = {
			isa = PBXGroup;
			children = (
				D06F8CB91D127712001FB2A0 /* AppDelegate.swift */,
				D06F8CBB1D127712001FB2A0 /* ViewController.swift */,
				D06F8CBD1D127712001FB2A0 /* Main.storyboard */,
				D06F8CC01D127712001FB2A0 /* Assets.xcassets */,
				D06F8CC21D127712001FB2A0 /* LaunchScreen.storyboard */,
				D06F8CC51D127712001FB2A0 /* Info.plist */,
			);
			path = headerHTTP;
			sourceTree = "<group>";
		};
/* End PBXGroup section */

/* Begin PBXNativeTarget section */
		D06F8CB51D127712001FB2A0 /* headerHTTP */ = {
			isa = PBXNativeTarget;
			buildConfigurationList = D06F8CC81D127712001FB2A0 /* Build configuration list for PBXNativeTarget "headerHTTP" */;
			buildPhases = (
				D06F8CB21D127712001FB2A0 /* Sources */,
				D06F8CB31D127712001FB2A0 /* Frameworks */,
				D06F8CB41D127712001FB2A0 /* Resources */,
			);
			buildRules = (
			);
			dependencies = (
			);
			name = headerHTTP;
			productName = headerHTTP;
			productReference = D06F8CB61D127712001FB2A0 /* headerHTTP.app */;
			productType = "com.apple.product-type.application";
		};
/* End PBXNativeTarget section */

/* Begin PBXProject section */
		D06F8CAE1D127712001FB2A0 /* Project object */ = {
			isa = PBXProject;
			attributes = {
				LastSwiftUpdateCheck = 0730;
				LastUpgradeCheck = 0730;
				ORGANIZATIONNAME = Din;
				TargetAttributes = {
					D06F8CB51D127712001FB2A0 = {
						CreatedOnToolsVersion = 7.3.1;
						DevelopmentTeam = N7BE72QDW7;
					};
				};
			};
			buildConfigurationList = D06F8CB11D127712001FB2A0 /* Build configuration list for PBXProject "headerHTTP" */;
			compatibilityVersion = "Xcode 3.2";
			developmentRegion = English;
			hasScannedForEncodings = 0;
			knownRegions = (
				en,
				Base,
			);
			mainGroup = D06F8CAD1D127712001FB2A0;
			productRefGroup = D06F8CB71D127712001FB2A0 /* Products */;
			projectDirPath = "";
			projectRoot = "";
			targets = (
				D06F8CB51D127712001FB2A0 /* headerHTTP */,
			);
		};
/* End PBXProject section */

/* Begin PBXResourcesBuildPhase section */
		D06F8CB41D127712001FB2A0 /* Resources */ = {
			isa = PBXResourcesBuildPhase;
			buildActionMask = 2147483647;
			files = (
				D06F8CC41D127712001FB2A0 /* LaunchScreen.storyboard in Resources */,
				D06F8CC11D127712001FB2A0 /* Assets.xcassets in Resources */,
				D06F8CBF1D127712001FB2A0 /* Main.storyboard in Resources */,
			);
			runOnlyForDeploymentPostprocessing = 0;
		};
/* End PBXResourcesBuildPhase section */

/* Begin PBXSourcesBuildPhase section */
		D06F8CB21D127712001FB2A0 /* Sources */ = {
			isa = PBXSourcesBuildPhase;
			buildActionMask = 2147483647;
			files = (
				D06F8CBC1D127712001FB2A0 /* ViewController.swift in Sources */,
				D06F8CBA1D127712001FB2A0 /* AppDelegate.swift in Sources */,
			);
			runOnlyForDeploymentPostprocessing = 0;
		};
/* End PBXSourcesBuildPhase section */

/* Begin PBXVariantGroup section */
		D06F8CBD1D127712001FB2A0 /* Main.storyboard */ = {
			isa = PBXVariantGroup;
			children = (
				D06F8CBE1D127712001FB2A0 /* Base */,
			);
			name = Main.storyboard;
			sourceTree = "<group>";
		};
		D06F8CC21D127712001FB2A0 /* LaunchScreen.storyboard */ = {
			isa = PBXVariantGroup;
			children = (
				D06F8CC31D127712001FB2A0 /* Base */,
			);
			name = LaunchScreen.storyboard;
			sourceTree = "<group>";
		};
/* End PBXVariantGroup section */

/* Begin XCBuildConfiguration section */
		D06F8CC61D127712001FB2A0 /* Debug */ = {
			isa = XCBuildConfiguration;
			buildSettings = {
				ALWAYS_SEARCH_USER_PATHS = NO;
				CLANG_ANALYZER_NONNULL = YES;
				CLANG_CXX_LANGUAGE_STANDARD = "gnu++0x";
				CLANG_CXX_LIBRARY = "libc++";
				CLANG_ENABLE_MODULES = YES;
				CLANG_ENABLE_OBJC_ARC = YES;
				CLANG_WARN_BOOL_CONVERSION = YES;
				CLANG_WARN_CONSTANT_CONVERSION = YES;
				CLANG_WARN_DIRECT_OBJC_ISA_USAGE = YES_ERROR;
				CLANG_WARN_EMPTY_BODY = YES;
				CLANG_WARN_ENUM_CONVERSION = YES;
				CLANG_WARN_INT_CONVERSION = YES;
				CLANG_WARN_OBJC_ROOT_CLASS = YES_ERROR;
				CLANG_WARN_UNREACHABLE_CODE = YES;
				CLANG_WARN__DUPLICATE_METHOD_MATCH = YES;
				"CODE_SIGN_IDENTITY[sdk=iphoneos*]" = "iPhone Developer";
				COPY_PHASE_STRIP = NO;
				DEBUG_INFORMATION_FORMAT = dwarf;
				ENABLE_STRICT_OBJC_MSGSEND = YES;
				ENABLE_TESTABILITY = YES;
				GCC_C_LANGUAGE_STANDARD = gnu99;
				GCC_DYNAMIC_NO_PIC = NO;
				GCC_NO_COMMON_BLOCKS = YES;
				GCC_OPTIMIZATION_LEVEL = 0;
				GCC_PREPROCESSOR_DEFINITIONS = (
					"DEBUG=1",
					"$(inherited)",
				);
				GCC_WARN_64_TO_32_BIT_CONVERSION = YES;
				GCC_WARN_ABOUT_RETURN_TYPE = YES_ERROR;
				GCC_WARN_UNDECLARED_SELECTOR = YES;
				GCC_WARN_UNINITIALIZED_AUTOS = YES_AGGRESSIVE;
				GCC_WARN_UNUSED_FUNCTION = YES;
				GCC_WARN_UNUSED_VARIABLE = YES;
				IPHONEOS_DEPLOYMENT_TARGET = 9.3;
				MTL_ENABLE_DEBUG_INFO = YES;
				ONLY_ACTIVE_ARCH = YES;
				SDKROOT = iphoneos;
				SWIFT_OPTIMIZATION_LEVEL = "-Onone";
				TARGETED_DEVICE_FAMILY = "1,2";
			};
			name = Debug;
		};
		D06F8CC71D127712001FB2A0 /* Release */ = {
			isa = XCBuildConfiguration;
			buildSettings = {
				ALWAYS_SEARCH_USER_PATHS = NO;
				CLANG_ANALYZER_NONNULL = YES;
				CLANG_CXX_LANGUAGE_STANDARD = "gnu++0x";
				CLANG_CXX_LIBRARY = "libc++";
				CLANG_ENABLE_MODULES = YES;
				CLANG_ENABLE_OBJC_ARC = YES;
				CLANG_WARN_BOOL_CONVERSION = YES;
				CLANG_WARN_CONSTANT_CONVERSION = YES;
				CLANG_WARN_DIRECT_OBJC_ISA_USAGE = YES_ERROR;
				CLANG_WARN_EMPTY_BODY = YES;
				CLANG_WARN_ENUM_CONVERSION = YES;
				CLANG_WARN_INT_CONVERSION = YES;
				CLANG_WARN_OBJC_ROOT_CLASS = YES_ERROR;
				CLANG_WARN_UNREACHABLE_CODE = YES;
				CLANG_WARN__DUPLICATE_METHOD_MATCH = YES;
				"CODE_SIGN_IDENTITY[sdk=iphoneos*]" = "iPhone Developer";
				COPY_PHASE_STRIP = NO;
				DEBUG_INFORMATION_FORMAT = "dwarf-with-dsym";
				ENABLE_NS_ASSERTIONS = NO;
				ENABLE_STRICT_OBJC_MSGSEND = YES;
				GCC_C_LANGUAGE_STANDARD = gnu99;
				GCC_NO_COMMON_BLOCKS = YES;
				GCC_WARN_64_TO_32_BIT_CONVERSION = YES;
				GCC_WARN_ABOUT_RETURN_TYPE = YES_ERROR;
				GCC_WARN_UNDECLARED_SELECTOR = YES;
				GCC_WARN_UNINITIALIZED_AUTOS = YES_AGGRESSIVE;
				GCC_WARN_UNUSED_FUNCTION = YES;
				GCC_WARN_UNUSED_VARIABLE = YES;
				IPHONEOS_DEPLOYMENT_TARGET = 9.3;
				MTL_ENABLE_DEBUG_INFO = NO;
				SDKROOT = iphoneos;
				TARGETED_DEVICE_FAMILY = "1,2";
				VALIDATE_PRODUCT = YES;
			};
			name = Release;
		};
		D06F8CC91D127712001FB2A0 /* Debug */ = {
			isa = XCBuildConfiguration;
			buildSettings = {
				ASSETCATALOG_COMPILER_APPICON_NAME = AppIcon;
				INFOPLIST_FILE = headerHTTP/Info.plist;
				LD_RUNPATH_SEARCH_PATHS = "$(inherited) @executable_path/Frameworks";
				PRODUCT_BUNDLE_IDENTIFIER = Din.headerHTTP;
				PRODUCT_NAME = "$(TARGET_NAME)";
			};
			name = Debug;
		};
		D06F8CCA1D127712001FB2A0 /* Release */ = {
			isa = XCBuildConfiguration;
			buildSettings = {
				ASSETCATALOG_COMPILER_APPICON_NAME = AppIcon;
				INFOPLIST_FILE = headerHTTP/Info.plist;
				LD_RUNPATH_SEARCH_PATHS = "$(inherited) @executable_path/Frameworks";
				PRODUCT_BUNDLE_IDENTIFIER = Din.headerHTTP;
				PRODUCT_NAME = "$(TARGET_NAME)";
			};
			name = Release;
		};
/* End XCBuildConfiguration section */

/* Begin XCConfigurationList section */
		D06F8CB11D127712001FB2A0 /* Build configuration list for PBXProject "headerHTTP" */ = {
			isa = XCConfigurationList;
			buildConfigurations = (
				D06F8CC61D127712001FB2A0 /* Debug */,
				D06F8CC71D127712001FB2A0 /* Release */,
			);
			defaultConfigurationIsVisible = 0;
			defaultConfigurationName = Release;
		};
		D06F8CC81D127712001FB2A0 /* Build configuration list for PBXNativeTarget "headerHTTP" */ = {
			isa = XCConfigurationList;
			buildConfigurations = (
				D06F8CC91D127712001FB2A0 /* Debug */,
				D06F8CCA1D127712001FB2A0 /* Release */,
			);
			defaultConfigurationIsVisible = 0;
		};
/* End XCConfigurationList section */
	};
	rootObject = D06F8CAE1D127712001FB2A0 /* Project object */;
}
